
Microsoft Visual Studio Solution File, Format Version 12.00
# Visual Studio Version 17
VisualStudioVersion = 17.8.34511.84
MinimumVisualStudioVersion = 10.0.40219.1
Project("{9A19103F-16F7-4668-BE54-9A1E7A4F7556}") = "3.BookStore.DAL", "BookStore.DAL\3.BookStore.DAL.csproj", "{9BB32AD2-71A2-4226-AA97-33DB5874CAEE}"
EndProject
Project("{9A19103F-16F7-4668-BE54-9A1E7A4F7556}") = "2.BookStore.BL", "BookStore.BL\2.BookStore.BL.csproj", "{445E29BF-03D2-4EEF-AE46-E8A6F5CED02D}"
EndProject
Project("{9A19103F-16F7-4668-BE54-9A1E7A4F7556}") = "1.BookStore.Web", "BookStore.Web\1.BookStore.Web.csproj", "{4004DB68-CF0C-4BD6-B147-78C26A893F45}"
EndProject
Global
	GlobalSection(SolutionConfigurationPlatforms) = preSolution
		Debug|Any CPU = Debug|Any CPU
		Release|Any CPU = Release|Any CPU
	EndGlobalSection
	GlobalSection(ProjectConfigurationPlatforms) = postSolution
		{9BB32AD2-71A2-4226-AA97-33DB5874CAEE}.Debug|Any CPU.ActiveCfg = Debug|Any CPU
		{9BB32AD2-71A2-4226-AA97-33DB5874CAEE}.Debug|Any CPU.Build.0 = Debug|Any CPU
		{9BB32AD2-71A2-4226-AA97-33DB5874CAEE}.Release|Any CPU.ActiveCfg = Release|Any CPU
		{9BB32AD2-71A2-4226-AA97-33DB5874CAEE}.Release|Any CPU.Build.0 = Release|Any CPU
		{445E29BF-03D2-4EEF-AE46-E8A6F5CED02D}.Debug|Any CPU.ActiveCfg = Debug|Any CPU
		{445E29BF-03D2-4EEF-AE46-E8A6F5CED02D}.Debug|Any CPU.Build.0 = Debug|Any CPU
		{445E29BF-03D2-4EEF-AE46-E8A6F5CED02D}.Release|Any CPU.ActiveCfg = Release|Any CPU
		{445E29BF-03D2-4EEF-AE46-E8A6F5CED02D}.Release|Any CPU.Build.0 = Release|Any CPU
		{4004DB68-CF0C-4BD6-B147-78C26A893F45}.Debug|Any CPU.ActiveCfg = Debug|Any CPU
		{4004DB68-CF0C-4BD6-B147-78C26A893F45}.Debug|Any CPU.Build.0 = Debug|Any CPU
		{4004DB68-CF0C-4BD6-B147-78C26A893F45}.Release|Any CPU.ActiveCfg = Release|Any CPU
		{4004DB68-CF0C-4BD6-B147-78C26A893F45}.Release|Any CPU.Build.0 = Release|Any CPU
	EndGlobalSection
	GlobalSection(SolutionProperties) = preSolution
		HideSolutionNode = FALSE
	EndGlobalSection
	GlobalSection(ExtensibilityGlobals) = postSolution
		SolutionGuid = {F2D3B938-7119-4221-AF21-AB5242D44DD4}
	EndGlobalSection
EndGlobal
